// !$*UTF8*$!
{
	archiveVersion = 1;
	classes = {
	};
	objectVersion = 46;
	objects = {

/* Begin PBXBuildFile section */
		B002AD7D1D0CE7F600A8616E /* FBQLPreviewController.m in Sources */ = {isa = PBXBuildFile; fileRef = B002AD7C1D0CE7F600A8616E /* FBQLPreviewController.m */; };
		B08605281D0C587D00BA87E5 /* main.m in Sources */ = {isa = PBXBuildFile; fileRef = B08605271D0C587D00BA87E5 /* main.m */; };
		B086052B1D0C587D00BA87E5 /* AppDelegate.m in Sources */ = {isa = PBXBuildFile; fileRef = B086052A1D0C587D00BA87E5 /* AppDelegate.m */; };
		B08605331D0C587D00BA87E5 /* Assets.xcassets in Resources */ = {isa = PBXBuildFile; fileRef = B08605321D0C587D00BA87E5 /* Assets.xcassets */; };
		B08605361D0C587D00BA87E5 /* LaunchScreen.storyboard in Resources */ = {isa = PBXBuildFile; fileRef = B08605341D0C587D00BA87E5 /* LaunchScreen.storyboard */; };
		B086053F1D0C58CA00BA87E5 /* FBColumnViewController.m in Sources */ = {isa = PBXBuildFile; fileRef = B086053E1D0C58CA00BA87E5 /* FBColumnViewController.m */; };
		B08605441D0C5D0E00BA87E5 /* FBFilesTableViewController.m in Sources */ = {isa = PBXBuildFile; fileRef = B08605401D0C5D0E00BA87E5 /* FBFilesTableViewController.m */; };
		B08605451D0C5D0E00BA87E5 /* FBCustomPreviewController.m in Sources */ = {isa = PBXBuildFile; fileRef = B08605411D0C5D0E00BA87E5 /* FBCustomPreviewController.m */; };
		B08605481D0C6A4800BA87E5 /* FBColumnNavigationController.m in Sources */ = {isa = PBXBuildFile; fileRef = B08605471D0C6A4800BA87E5 /* FBColumnNavigationController.m */; };
		D00495F520E78A62001B281A /* exploit64.m in Sources */ = {isa = PBXBuildFile; fileRef = D00495ED20E78A62001B281A /* exploit64.m */; };
		D00495F620E78A62001B281A /* find.m in Sources */ = {isa = PBXBuildFile; fileRef = D00495EF20E78A62001B281A /* find.m */; };
		D00495F720E78A62001B281A /* load_payload.m in Sources */ = {isa = PBXBuildFile; fileRef = D00495F120E78A62001B281A /* load_payload.m */; };
		D00495FB20E78CFD001B281A /* IOKit.framework in Frameworks */ = {isa = PBXBuildFile; fileRef = D00495FA20E78CFD001B281A /* IOKit.framework */; };
/* End PBXBuildFile section */

/* Begin PBXCopyFilesBuildPhase section */
		B002AD751D0CC6A200A8616E /* Embed App Extensions */ = {
			isa = PBXCopyFilesBuildPhase;
			buildActionMask = 2147483647;
			dstPath = "";
			dstSubfolderSpec = 13;
			files = (
			);
			name = "Embed App Extensions";
			runOnlyForDeploymentPostprocessing = 0;
		};
		D0F9AC9420E78B56004CFD0B /* Embed Frameworks */ = {
			isa = PBXCopyFilesBuildPhase;
			buildActionMask = 2147483647;
			dstPath = "";
			dstSubfolderSpec = 10;
			files = (
			);
			name = "Embed Frameworks";
			runOnlyForDeploymentPostprocessing = 0;
		};
/* End PBXCopyFilesBuildPhase section */

/* Begin PBXFileReference section */
		B002AD7B1D0CE7F600A8616E /* FBQLPreviewController.h */ = {isa = PBXFileReference; fileEncoding = 4; lastKnownFileType = sourcecode.c.h; path = FBQLPreviewController.h; sourceTree = "<group>"; };
		B002AD7C1D0CE7F600A8616E /* FBQLPreviewController.m */ = {isa = PBXFileReference; fileEncoding = 4; lastKnownFileType = sourcecode.c.objc; path = FBQLPreviewController.m; sourceTree = "<group>"; };
		B08605231D0C587D00BA87E5 /* Files.app */ = {isa = PBXFileReference; explicitFileType = wrapper.application; includeInIndex = 0; path = Files.app; sourceTree = BUILT_PRODUCTS_DIR; };
		B08605271D0C587D00BA87E5 /* main.m */ = {isa = PBXFileReference; lastKnownFileType = sourcecode.c.objc; path = main.m; sourceTree = "<group>"; };
		B08605291D0C587D00BA87E5 /* AppDelegate.h */ = {isa = PBXFileReference; lastKnownFileType = sourcecode.c.h; path = AppDelegate.h; sourceTree = "<group>"; };
		B086052A1D0C587D00BA87E5 /* AppDelegate.m */ = {isa = PBXFileReference; lastKnownFileType = sourcecode.c.objc; path = AppDelegate.m; sourceTree = "<group>"; };
		B08605321D0C587D00BA87E5 /* Assets.xcassets */ = {isa = PBXFileReference; lastKnownFileType = folder.assetcatalog; path = Assets.xcassets; sourceTree = "<group>"; };
		B08605351D0C587D00BA87E5 /* Base */ = {isa = PBXFileReference; lastKnownFileType = file.storyboard; name = Base; path = Base.lproj/LaunchScreen.storyboard; sourceTree = "<group>"; };
		B08605371D0C587D00BA87E5 /* Info.plist */ = {isa = PBXFileReference; lastKnownFileType = text.plist.xml; path = Info.plist; sourceTree = "<group>"; };
		B086053D1D0C58CA00BA87E5 /* FBColumnViewController.h */ = {isa = PBXFileReference; fileEncoding = 4; lastKnownFileType = sourcecode.c.h; path = FBColumnViewController.h; sourceTree = "<group>"; };
		B086053E1D0C58CA00BA87E5 /* FBColumnViewController.m */ = {isa = PBXFileReference; fileEncoding = 4; lastKnownFileType = sourcecode.c.objc; path = FBColumnViewController.m; sourceTree = "<group>"; };
		B08605401D0C5D0E00BA87E5 /* FBFilesTableViewController.m */ = {isa = PBXFileReference; fileEncoding = 4; lastKnownFileType = sourcecode.c.objc; path = FBFilesTableViewController.m; sourceTree = "<group>"; };
		B08605411D0C5D0E00BA87E5 /* FBCustomPreviewController.m */ = {isa = PBXFileReference; fileEncoding = 4; lastKnownFileType = sourcecode.c.objc; path = FBCustomPreviewController.m; sourceTree = "<group>"; };
		B08605421D0C5D0E00BA87E5 /* FBFilesTableViewController.h */ = {isa = PBXFileReference; fileEncoding = 4; lastKnownFileType = sourcecode.c.h; path = FBFilesTableViewController.h; sourceTree = "<group>"; };
		B08605431D0C5D0E00BA87E5 /* FBCustomPreviewController.h */ = {isa = PBXFileReference; fileEncoding = 4; lastKnownFileType = sourcecode.c.h; path = FBCustomPreviewController.h; sourceTree = "<group>"; };
		B08605461D0C6A4800BA87E5 /* FBColumnNavigationController.h */ = {isa = PBXFileReference; fileEncoding = 4; lastKnownFileType = sourcecode.c.h; path = FBColumnNavigationController.h; sourceTree = "<group>"; };
		B08605471D0C6A4800BA87E5 /* FBColumnNavigationController.m */ = {isa = PBXFileReference; fileEncoding = 4; lastKnownFileType = sourcecode.c.objc; path = FBColumnNavigationController.m; sourceTree = "<group>"; };
		D004959920E782ED001B281A /* Files.entitlements */ = {isa = PBXFileReference; lastKnownFileType = text.plist.entitlements; path = Files.entitlements; sourceTree = "<group>"; };
		D00495ED20E78A62001B281A /* exploit64.m */ = {isa = PBXFileReference; fileEncoding = 4; lastKnownFileType = sourcecode.c.objc; path = exploit64.m; sourceTree = "<group>"; };
		D00495EE20E78A62001B281A /* find.h */ = {isa = PBXFileReference; fileEncoding = 4; lastKnownFileType = sourcecode.c.h; path = find.h; sourceTree = "<group>"; };
		D00495EF20E78A62001B281A /* find.m */ = {isa = PBXFileReference; fileEncoding = 4; lastKnownFileType = sourcecode.c.objc; path = find.m; sourceTree = "<group>"; };
		D00495F020E78A62001B281A /* exploit64.h */ = {isa = PBXFileReference; fileEncoding = 4; lastKnownFileType = sourcecode.c.h; path = exploit64.h; sourceTree = "<group>"; };
		D00495F120E78A62001B281A /* load_payload.m */ = {isa = PBXFileReference; fileEncoding = 4; lastKnownFileType = sourcecode.c.objc; path = load_payload.m; sourceTree = "<group>"; };
		D00495F220E78A62001B281A /* load_payload.h */ = {isa = PBXFileReference; fileEncoding = 4; lastKnownFileType = sourcecode.c.h; path = load_payload.h; sourceTree = "<group>"; };
		D00495F320E78A62001B281A /* mach-o.h */ = {isa = PBXFileReference; fileEncoding = 4; lastKnownFileType = sourcecode.c.h; path = "mach-o.h"; sourceTree = "<group>"; };
		D00495F420E78A62001B281A /* arch.h */ = {isa = PBXFileReference; fileEncoding = 4; lastKnownFileType = sourcecode.c.h; path = arch.h; sourceTree = "<group>"; };
		D00495FA20E78CFD001B281A /* IOKit.framework */ = {isa = PBXFileReference; lastKnownFileType = wrapper.framework; path = IOKit.framework; sourceTree = "<group>"; };
/* End PBXFileReference section */

/* Begin PBXFrameworksBuildPhase section */
		B08605201D0C587D00BA87E5 /* Frameworks */ = {
			isa = PBXFrameworksBuildPhase;
			buildActionMask = 2147483647;
			files = (
				D00495FB20E78CFD001B281A /* IOKit.framework in Frameworks */,
			);
			runOnlyForDeploymentPostprocessing = 0;
		};
/* End PBXFrameworksBuildPhase section */

/* Begin PBXGroup section */
		B086051A1D0C587D00BA87E5 = {
			isa = PBXGroup;
			children = (
				B08605251D0C587D00BA87E5 /* Files */,
				B08605241D0C587D00BA87E5 /* Products */,
				D00495B220E784E2001B281A /* Frameworks */,
			);
			sourceTree = "<group>";
		};
		B08605241D0C587D00BA87E5 /* Products */ = {
			isa = PBXGroup;
			children = (
				B08605231D0C587D00BA87E5 /* Files.app */,
			);
			name = Products;
			sourceTree = "<group>";
		};
		B08605251D0C587D00BA87E5 /* Files */ = {
			isa = PBXGroup;
			children = (
				D00495EC20E78A3D001B281A /* PhoenixNonce */,
				D004959920E782ED001B281A /* Files.entitlements */,
				B08605291D0C587D00BA87E5 /* AppDelegate.h */,
				B086052A1D0C587D00BA87E5 /* AppDelegate.m */,
				B086053D1D0C58CA00BA87E5 /* FBColumnViewController.h */,
				B086053E1D0C58CA00BA87E5 /* FBColumnViewController.m */,
				B08605421D0C5D0E00BA87E5 /* FBFilesTableViewController.h */,
				B08605401D0C5D0E00BA87E5 /* FBFilesTableViewController.m */,
				B08605461D0C6A4800BA87E5 /* FBColumnNavigationController.h */,
				B08605471D0C6A4800BA87E5 /* FBColumnNavigationController.m */,
				B08605431D0C5D0E00BA87E5 /* FBCustomPreviewController.h */,
				B08605411D0C5D0E00BA87E5 /* FBCustomPreviewController.m */,
				B002AD7B1D0CE7F600A8616E /* FBQLPreviewController.h */,
				B002AD7C1D0CE7F600A8616E /* FBQLPreviewController.m */,
				B08605321D0C587D00BA87E5 /* Assets.xcassets */,
				B08605341D0C587D00BA87E5 /* LaunchScreen.storyboard */,
				B08605371D0C587D00BA87E5 /* Info.plist */,
				B08605261D0C587D00BA87E5 /* Supporting Files */,
			);
			path = Files;
			sourceTree = "<group>";
		};
		B08605261D0C587D00BA87E5 /* Supporting Files */ = {
			isa = PBXGroup;
			children = (
				B08605271D0C587D00BA87E5 /* main.m */,
			);
			name = "Supporting Files";
			sourceTree = "<group>";
		};
		D00495B220E784E2001B281A /* Frameworks */ = {
			isa = PBXGroup;
			children = (
				D00495FA20E78CFD001B281A /* IOKit.framework */,
			);
			name = Frameworks;
			sourceTree = "<group>";
		};
		D00495EC20E78A3D001B281A /* PhoenixNonce */ = {
			isa = PBXGroup;
			children = (
				D00495F420E78A62001B281A /* arch.h */,
				D00495F020E78A62001B281A /* exploit64.h */,
				D00495ED20E78A62001B281A /* exploit64.m */,
				D00495EE20E78A62001B281A /* find.h */,
				D00495EF20E78A62001B281A /* find.m */,
				D00495F220E78A62001B281A /* load_payload.h */,
				D00495F120E78A62001B281A /* load_payload.m */,
				D00495F320E78A62001B281A /* mach-o.h */,
			);
			name = PhoenixNonce;
			sourceTree = "<group>";
		};
/* End PBXGroup section */

/* Begin PBXNativeTarget section */
		B08605221D0C587D00BA87E5 /* Files */ = {
			isa = PBXNativeTarget;
			buildConfigurationList = B086053A1D0C587D00BA87E5 /* Build configuration list for PBXNativeTarget "Files" */;
			buildPhases = (
				B086051F1D0C587D00BA87E5 /* Sources */,
				B08605201D0C587D00BA87E5 /* Frameworks */,
				B08605211D0C587D00BA87E5 /* Resources */,
				B002AD751D0CC6A200A8616E /* Embed App Extensions */,
				D0F9AC9420E78B56004CFD0B /* Embed Frameworks */,
			);
			buildRules = (
			);
			dependencies = (
			);
			name = Files;
			productName = Files;
			productReference = B08605231D0C587D00BA87E5 /* Files.app */;
			productType = "com.apple.product-type.application";
		};
/* End PBXNativeTarget section */

/* Begin PBXProject section */
		B086051B1D0C587D00BA87E5 /* Project object */ = {
			isa = PBXProject;
			attributes = {
				LastUpgradeCheck = 0730;
				ORGANIZATIONNAME = "High Caffeine Content";
				TargetAttributes = {
					B08605221D0C587D00BA87E5 = {
						CreatedOnToolsVersion = 7.3.1;
						DevelopmentTeam = Z7UYVKVHE5;
						SystemCapabilities = {
							com.apple.ApplicationGroups.iOS = {
								enabled = 1;
							};
						};
					};
				};
			};
			buildConfigurationList = B086051E1D0C587D00BA87E5 /* Build configuration list for PBXProject "Files" */;
			compatibilityVersion = "Xcode 3.2";
			developmentRegion = English;
			hasScannedForEncodings = 0;
			knownRegions = (
				en,
				Base,
			);
			mainGroup = B086051A1D0C587D00BA87E5;
			productRefGroup = B08605241D0C587D00BA87E5 /* Products */;
			projectDirPath = "";
			projectRoot = "";
			targets = (
				B08605221D0C587D00BA87E5 /* Files */,
			);
		};
/* End PBXProject section */

/* Begin PBXResourcesBuildPhase section */
		B08605211D0C587D00BA87E5 /* Resources */ = {
			isa = PBXResourcesBuildPhase;
			buildActionMask = 2147483647;
			files = (
				B08605361D0C587D00BA87E5 /* LaunchScreen.storyboard in Resources */,
				B08605331D0C587D00BA87E5 /* Assets.xcassets in Resources */,
			);
			runOnlyForDeploymentPostprocessing = 0;
		};
/* End PBXResourcesBuildPhase section */

/* Begin PBXSourcesBuildPhase section */
		B086051F1D0C587D00BA87E5 /* Sources */ = {
			isa = PBXSourcesBuildPhase;
			buildActionMask = 2147483647;
			files = (
				B086053F1D0C58CA00BA87E5 /* FBColumnViewController.m in Sources */,
				D00495F620E78A62001B281A /* find.m in Sources */,
				B08605441D0C5D0E00BA87E5 /* FBFilesTableViewController.m in Sources */,
				B08605451D0C5D0E00BA87E5 /* FBCustomPreviewController.m in Sources */,
				B002AD7D1D0CE7F600A8616E /* FBQLPreviewController.m in Sources */,
				B08605481D0C6A4800BA87E5 /* FBColumnNavigationController.m in Sources */,
				D00495F520E78A62001B281A /* exploit64.m in Sources */,
				B086052B1D0C587D00BA87E5 /* AppDelegate.m in Sources */,
				D00495F720E78A62001B281A /* load_payload.m in Sources */,
				B08605281D0C587D00BA87E5 /* main.m in Sources */,
			);
			runOnlyForDeploymentPostprocessing = 0;
		};
/* End PBXSourcesBuildPhase section */

/* Begin PBXVariantGroup section */
		B08605341D0C587D00BA87E5 /* LaunchScreen.storyboard */ = {
			isa = PBXVariantGroup;
			children = (
				B08605351D0C587D00BA87E5 /* Base */,
			);
			name = LaunchScreen.storyboard;
			sourceTree = "<group>";
		};
/* End PBXVariantGroup section */

/* Begin XCBuildConfiguration section */
		B08605381D0C587D00BA87E5 /* Debug */ = {
			isa = XCBuildConfiguration;
			buildSettings = {
				ALWAYS_SEARCH_USER_PATHS = NO;
				CLANG_ANALYZER_NONNULL = YES;
				CLANG_CXX_LANGUAGE_STANDARD = "gnu++0x";
				CLANG_CXX_LIBRARY = "libc++";
				CLANG_ENABLE_MODULES = YES;
				CLANG_ENABLE_OBJC_ARC = YES;
				CLANG_WARN_BOOL_CONVERSION = YES;
				CLANG_WARN_CONSTANT_CONVERSION = YES;
				CLANG_WARN_DIRECT_OBJC_ISA_USAGE = YES_ERROR;
				CLANG_WARN_EMPTY_BODY = YES;
				CLANG_WARN_ENUM_CONVERSION = YES;
				CLANG_WARN_INT_CONVERSION = YES;
				CLANG_WARN_OBJC_ROOT_CLASS = YES_ERROR;
				CLANG_WARN_UNREACHABLE_CODE = YES;
				CLANG_WARN__DUPLICATE_METHOD_MATCH = YES;
				"CODE_SIGN_IDENTITY[sdk=iphoneos*]" = "iPhone Developer";
				COPY_PHASE_STRIP = NO;
				DEBUG_INFORMATION_FORMAT = dwarf;
				ENABLE_STRICT_OBJC_MSGSEND = YES;
				ENABLE_TESTABILITY = YES;
				GCC_C_LANGUAGE_STANDARD = gnu99;
				GCC_DYNAMIC_NO_PIC = NO;
				GCC_NO_COMMON_BLOCKS = YES;
				GCC_OPTIMIZATION_LEVEL = 0;
				GCC_PREPROCESSOR_DEFINITIONS = (
					"DEBUG=1",
					"$(inherited)",
				);
				GCC_TREAT_WARNINGS_AS_ERRORS = YES;
				GCC_WARN_64_TO_32_BIT_CONVERSION = YES;
				GCC_WARN_ABOUT_RETURN_TYPE = YES_ERROR;
				GCC_WARN_PEDANTIC = YES;
				GCC_WARN_UNDECLARED_SELECTOR = YES;
				GCC_WARN_UNINITIALIZED_AUTOS = YES_AGGRESSIVE;
				GCC_WARN_UNUSED_FUNCTION = YES;
				GCC_WARN_UNUSED_VARIABLE = YES;
				HEADER_SEARCH_PATHS = "";
				IPHONEOS_DEPLOYMENT_TARGET = 9.3;
				MTL_ENABLE_DEBUG_INFO = YES;
				ONLY_ACTIVE_ARCH = NO;
				SDKROOT = iphoneos;
				TARGETED_DEVICE_FAMILY = "1,2";
			};
			name = Debug;
		};
		B08605391D0C587D00BA87E5 /* Release */ = {
			isa = XCBuildConfiguration;
			buildSettings = {
				ALWAYS_SEARCH_USER_PATHS = NO;
				CLANG_ANALYZER_NONNULL = YES;
				CLANG_CXX_LANGUAGE_STANDARD = "gnu++0x";
				CLANG_CXX_LIBRARY = "libc++";
				CLANG_ENABLE_MODULES = YES;
				CLANG_ENABLE_OBJC_ARC = YES;
				CLANG_WARN_BOOL_CONVERSION = YES;
				CLANG_WARN_CONSTANT_CONVERSION = YES;
				CLANG_WARN_DIRECT_OBJC_ISA_USAGE = YES_ERROR;
				CLANG_WARN_EMPTY_BODY = YES;
				CLANG_WARN_ENUM_CONVERSION = YES;
				CLANG_WARN_INT_CONVERSION = YES;
				CLANG_WARN_OBJC_ROOT_CLASS = YES_ERROR;
				CLANG_WARN_UNREACHABLE_CODE = YES;
				CLANG_WARN__DUPLICATE_METHOD_MATCH = YES;
				"CODE_SIGN_IDENTITY[sdk=iphoneos*]" = "iPhone Developer";
				COPY_PHASE_STRIP = NO;
				DEBUG_INFORMATION_FORMAT = "dwarf-with-dsym";
				ENABLE_NS_ASSERTIONS = NO;
				ENABLE_STRICT_OBJC_MSGSEND = YES;
				GCC_C_LANGUAGE_STANDARD = gnu99;
				GCC_NO_COMMON_BLOCKS = YES;
				GCC_TREAT_WARNINGS_AS_ERRORS = YES;
				GCC_WARN_64_TO_32_BIT_CONVERSION = YES;
				GCC_WARN_ABOUT_RETURN_TYPE = YES_ERROR;
				GCC_WARN_PEDANTIC = YES;
				GCC_WARN_UNDECLARED_SELECTOR = YES;
				GCC_WARN_UNINITIALIZED_AUTOS = YES_AGGRESSIVE;
				GCC_WARN_UNUSED_FUNCTION = YES;
				GCC_WARN_UNUSED_VARIABLE = YES;
				HEADER_SEARCH_PATHS = "";
				IPHONEOS_DEPLOYMENT_TARGET = 9.3;
				MTL_ENABLE_DEBUG_INFO = NO;
				SDKROOT = iphoneos;
				TARGETED_DEVICE_FAMILY = "1,2";
				VALIDATE_PRODUCT = YES;
			};
			name = Release;
		};
		B086053B1D0C587D00BA87E5 /* Debug */ = {
			isa = XCBuildConfiguration;
			buildSettings = {
				ASSETCATALOG_COMPILER_APPICON_NAME = AppIcon;
				CODE_SIGN_ENTITLEMENTS = Files/Files.entitlements;
				CODE_SIGN_IDENTITY = "iPhone Developer";
				DEVELOPMENT_TEAM = Z7UYVKVHE5;
				FRAMEWORK_SEARCH_PATHS = (
					"$(inherited)",
					"$(PROJECT_DIR)",
				);
				HEADER_SEARCH_PATHS = "";
				INFOPLIST_FILE = Files/Info.plist;
				LD_RUNPATH_SEARCH_PATHS = "$(inherited) @executable_path/Frameworks";
				PRODUCT_BUNDLE_IDENTIFIER = cn.njcit.files.hongs;
				PRODUCT_NAME = "$(TARGET_NAME)";
			};
			name = Debug;
		};
		B086053C1D0C587D00BA87E5 /* Release */ = {
			isa = XCBuildConfiguration;
			buildSettings = {
				ASSETCATALOG_COMPILER_APPICON_NAME = AppIcon;
				CODE_SIGN_ENTITLEMENTS = Files/Files.entitlements;
				CODE_SIGN_IDENTITY = "iPhone Developer";
				DEVELOPMENT_TEAM = Z7UYVKVHE5;
				FRAMEWORK_SEARCH_PATHS = (
					"$(inherited)",
					"$(PROJECT_DIR)",
				);
				HEADER_SEARCH_PATHS = "";
				INFOPLIST_FILE = Files/Info.plist;
				LD_RUNPATH_SEARCH_PATHS = "$(inherited) @executable_path/Frameworks";
				PRODUCT_BUNDLE_IDENTIFIER = cn.njcit.files.hongs;
				PRODUCT_NAME = "$(TARGET_NAME)";
			};
			name = Release;
		};
/* End XCBuildConfiguration section */

/* Begin XCConfigurationList section */
		B086051E1D0C587D00BA87E5 /* Build configuration list for PBXProject "Files" */ = {
			isa = XCConfigurationList;
			buildConfigurations = (
				B08605381D0C587D00BA87E5 /* Debug */,
				B08605391D0C587D00BA87E5 /* Release */,
			);
			defaultConfigurationIsVisible = 0;
			defaultConfigurationName = Release;
		};
		B086053A1D0C587D00BA87E5 /* Build configuration list for PBXNativeTarget "Files" */ = {
			isa = XCConfigurationList;
			buildConfigurations = (
				B086053B1D0C587D00BA87E5 /* Debug */,
				B086053C1D0C587D00BA87E5 /* Release */,
			);
			defaultConfigurationIsVisible = 0;
			defaultConfigurationName = Release;
		};
/* End XCConfigurationList section */
	};
	rootObject = B086051B1D0C587D00BA87E5 /* Project object */;
}
